# AutoJs6 6.8.0 / 5281 host API, release build of plugin-api/common-plugin-api at host commit c0d5fecdb.
# mail-api.aar joins this lock when the host contract module lands (roadmap P1.1); both entries must then come from the same host commit.
format=1
common-plugin-api.file=common-plugin-api.aar
common-plugin-api.sha256=ee7eb7879a53506c4cca5e2d19d3058e28df2168fb33351a52302a3b9e532e15
